
Microsoft Visual Studio Solution File, Format Version 12.00
# Visual Studio Version 17
VisualStudioVersion = 17.1.32407.343
MinimumVisualStudioVersion = 10.0.40219.1
Project("{2150E333-8FDC-42A3-9474-1A3956D46DE8}") = ".github", ".github", "{DDF7F5A5-86B3-4512-8AB4-B180F801A64D}"
EndProject
Project("{FAE04EC0-301F-11D3-BF4B-00C04F79EFBC}") = "Pdbc.Cli.App", "Pdbc.Cli.App\Pdbc.Cli.App.csproj", "{EA4A7374-E901-4E11-971B-7EC98D120549}"
EndProject
Global
	GlobalSection(SolutionConfigurationPlatforms) = preSolution
		Debug|Any CPU = Debug|Any CPU
		Release|Any CPU = Release|Any CPU
	EndGlobalSection
	GlobalSection(ProjectConfigurationPlatforms) = postSolution
		{EA4A7374-E901-4E11-971B-7EC98D120549}.Debug|Any CPU.ActiveCfg = Debug|Any CPU
		{EA4A7374-E901-4E11-971B-7EC98D120549}.Debug|Any CPU.Build.0 = Debug|Any CPU
		{EA4A7374-E901-4E11-971B-7EC98D120549}.Release|Any CPU.ActiveCfg = Release|Any CPU
		{EA4A7374-E901-4E11-971B-7EC98D120549}.Release|Any CPU.Build.0 = Release|Any CPU
	EndGlobalSection
	GlobalSection(SolutionProperties) = preSolution
		HideSolutionNode = FALSE
	EndGlobalSection
	GlobalSection(ExtensibilityGlobals) = postSolution
		SolutionGuid = {5FE6B856-AFCA-4CEF-8096-057AC79538A1}
	EndGlobalSection
EndGlobal
